
Microsoft Visual Studio Solution File, Format Version 12.00
# Visual Studio Version 16
VisualStudioVersion = 16.0.30330.147
MinimumVisualStudioVersion = 10.0.40219.1
Project("{8BC9CEB8-8B4A-11D0-8D11-00A0C91BC942}") = "Week1_Work3", "Week1_Work3\Week1_Work3.vcxproj", "{FE2FF368-B37D-411D-BF0F-EFA80C00DE33}"
EndProject
Global
	GlobalSection(SolutionConfigurationPlatforms) = preSolution
		Debug|x64 = Debug|x64
		Debug|x86 = Debug|x86
		Release|x64 = Release|x64
		Release|x86 = Release|x86
	EndGlobalSection
	GlobalSection(ProjectConfigurationPlatforms) = postSolution
		{FE2FF368-B37D-411D-BF0F-EFA80C00DE33}.Debug|x64.ActiveCfg = Debug|x64
		{FE2FF368-B37D-411D-BF0F-EFA80C00DE33}.Debug|x64.Build.0 = Debug|x64
		{FE2FF368-B37D-411D-BF0F-EFA80C00DE33}.Debug|x86.ActiveCfg = Debug|Win32
		{FE2FF368-B37D-411D-BF0F-EFA80C00DE33}.Debug|x86.Build.0 = Debug|Win32
		{FE2FF368-B37D-411D-BF0F-EFA80C00DE33}.Release|x64.ActiveCfg = Release|x64
		{FE2FF368-B37D-411D-BF0F-EFA80C00DE33}.Release|x64.Build.0 = Release|x64
		{FE2FF368-B37D-411D-BF0F-EFA80C00DE33}.Release|x86.ActiveCfg = Release|Win32
		{FE2FF368-B37D-411D-BF0F-EFA80C00DE33}.Release|x86.Build.0 = Release|Win32
	EndGlobalSection
	GlobalSection(SolutionProperties) = preSolution
		HideSolutionNode = FALSE
	EndGlobalSection
	GlobalSection(ExtensibilityGlobals) = postSolution
		SolutionGuid = {915D5F1A-3342-4AA0-8788-2ACC4B3E2C45}
	EndGlobalSection
EndGlobal
